<?xml version="1.0" encoding="utf-8"?>
<Project ToolsVersion="4.0" xmlns="http://schemas.microsoft.com/developer/msbuild/2003">
  <ItemGroup>
    <Filter Include="Dlls">
      <UniqueIdentifier>{44d92692-1b09-40e0-ae67-ff77aa9747b6}</UniqueIdentifier>
    </Filter>
  </ItemGroup>
  <ItemGroup>
    <None Include="$(MSBuildThisFileDirectory)..\..\AzureSdk-7.0.0\debug\bin\cpprest_2_10d.dll">
      <Filter>Dlls</Filter>
    </None>
    <None Include="$(MSBuildThisFileDirectory)..\..\AzureSdk-7.0.0\debug\bin\wastorage.dll">
      <Filter>Dlls</Filter>
    </None>
  </ItemGroup>
  <ItemGroup>
    <ClInclude Include="$(MSBuildThisFileDirectory)AzureApiTestFunctions.h" />
  </ItemGroup>
  <ItemGroup>
    <ClCompile Include="$(MSBuildThisFileDirectory)AzureApiTestFunctions.cpp" />
  </ItemGroup>
</Project>